{
  "name": "push-test-client",
  "version": "1.0.0",
  "lockfileVersion": 1,
  "requires": true,
  "dependencies": {
    "@curveball/controller": {
      "version": "0.2.1",
      "resolved": "https://registry.npmjs.org/@curveball/controller/-/controller-0.2.1.tgz",
      "integrity": "sha512-6gykhsJSz6gdh7CXBieehqFHIbwYRBscMXPNbgTlxCDtSEIRFuW3UYV8ONQd0qbAw4AXnDhuEY7tWxIMaTToBg==",
      "requires": {
        "@curveball/core": "^0.9.0",
        "@curveball/http-errors": "^0.3.0"
      }
    },
    "@curveball/core": {
      "version": "0.9.4",
      "resolved": "https://registry.npmjs.org/@curveball/core/-/core-0.9.4.tgz",
      "integrity": "sha512-kz39IUCrvphASCW7TqGZloQm5/c0730dzpGcoXjSDAanaUdsuu0pmNV44vWg9B1wpXfa+EkA3ps6A/zCydeKQw==",
      "requires": {
        "@curveball/http-errors": "^0.3.0",
        "accepts": "^1.3.7",
        "raw-body": "^2.4.1"
      }
    },
    "@curveball/http-errors": {
      "version": "0.3.0",
      "resolved": "https://registry.npmjs.org/@curveball/http-errors/-/http-errors-0.3.0.tgz",
      "integrity": "sha512-sCx/u8xFxlp/6tbhgCYXJDNLtUbxx3OYE5+jITyTiJhLCTopU5akF2eYlrwgxGtEi+tB8/JlCz0322YV4L6Daw=="
    },
    "@curveball/router": {
      "version": "0.2.3",
      "resolved": "https://registry.npmjs.org/@curveball/router/-/router-0.2.3.tgz",
      "integrity": "sha512-v5+4MCHh8Fn4Pr0H29sXnqseLDDIZO5A7eCnRkJlPeQpKkRerbKyZJ0GFeZWljdX2QkcxMQnz3ZCSM0yjwVdFQ==",
      "requires": {
        "path-match": "^1.2.4"
      }
    },
    "accepts": {
      "version": "1.3.7",
      "resolved": "https://registry.npmjs.org/accepts/-/accepts-1.3.7.tgz",
      "integrity": "sha512-Il80Qs2WjYlJIBNzNkK6KYqlVMTbZLXgHx2oT0pU/fjRHyEp+PEfEPY0R3WCwAGVOtauxh1hOxNgIf5bv7dQpA==",
      "requires": {
        "mime-types": "~2.1.24",
        "negotiator": "0.6.2"
      }
    },
    "bytes": {
      "version": "3.1.0",
      "resolved": "https://registry.npmjs.org/bytes/-/bytes-3.1.0.tgz",
      "integrity": "sha512-zauLjrfCG+xvoyaqLoV8bLVXXNGC4JqlxFCutSDWA6fJrTo2ZuvLYTqZ7aHBLZSMOopbzwv8f+wZcVzfVTI2Dg=="
    },
    "depd": {
      "version": "1.1.2",
      "resolved": "https://registry.npmjs.org/depd/-/depd-1.1.2.tgz",
      "integrity": "sha1-m81S4UwJd2PnSbJ0xDRu0uVgtak="
    },
    "fetch-mw-oauth2": {
      "version": "0.4.2",
      "resolved": "https://registry.npmjs.org/fetch-mw-oauth2/-/fetch-mw-oauth2-0.4.2.tgz",
      "integrity": "sha512-yzvBLlwn/WxVTN8HBpIM6teXlv6TWXmcCZFz1OGj5AIjgGNXvcdY9OpO5AlBZ9P+XV300eDahWgXKDgcfdhtmg=="
    },
    "http-errors": {
      "version": "1.7.3",
      "resolved": "https://registry.npmjs.org/http-errors/-/http-errors-1.7.3.tgz",
      "integrity": "sha512-ZTTX0MWrsQ2ZAhA1cejAwDLycFsd7I7nVtnkT3Ol0aqodaKW+0CTZDQ1uBv5whptCnc8e8HeRRJxRs0kmm/Qfw==",
      "requires": {
        "depd": "~1.1.2",
        "inherits": "2.0.4",
        "setprototypeof": "1.1.1",
        "statuses": ">= 1.5.0 < 2",
        "toidentifier": "1.0.0"
      }
    },
    "http-link-header": {
      "version": "1.0.2",
      "resolved": "https://registry.npmjs.org/http-link-header/-/http-link-header-1.0.2.tgz",
      "integrity": "sha512-z6YOZ8ZEnejkcCWlGZzYXNa6i+ZaTfiTg3WhlV/YvnNya3W/RbX1bMVUMTuCrg/DrtTCQxaFCkXCz4FtLpcebg=="
    },
    "iconv-lite": {
      "version": "0.4.24",
      "resolved": "https://registry.npmjs.org/iconv-lite/-/iconv-lite-0.4.24.tgz",
      "integrity": "sha512-v3MXnZAcvnywkTUEZomIActle7RXXeedOR31wwl7VlyoXO4Qi9arvSenNQWne1TcRwhCL1HwLI21bEqdpj8/rA==",
      "requires": {
        "safer-buffer": ">= 2.1.2 < 3"
      }
    },
    "inherits": {
      "version": "2.0.4",
      "resolved": "https://registry.npmjs.org/inherits/-/inherits-2.0.4.tgz",
      "integrity": "sha512-k/vGaX4/Yla3WzyMCvTQOXYeIHvqOKtnqBduzTHpzpQZzAskKMhZ2K+EnBiSM9zGSoIFeMpXKxa4dYeZIQqewQ=="
    },
    "isarray": {
      "version": "0.0.1",
      "resolved": "https://registry.npmjs.org/isarray/-/isarray-0.0.1.tgz",
      "integrity": "sha1-ihis/Kmo9Bd+Cav8YDiTmwXR7t8="
    },
    "ketting": {
      "version": "5.0.1",
      "resolved": "https://registry.npmjs.org/ketting/-/ketting-5.0.1.tgz",
      "integrity": "sha512-XVDjAGy49OPSHqqrFExLEAvveflQ1CkONv0OzKO9lkYLd0wbzt4A/7Wtq1QAQeS0uT5Z2i3eGj5nFSki6gWbPg==",
      "requires": {
        "fetch-mw-oauth2": "^0.4.2",
        "http-link-header": "^1.0.2",
        "node-fetch": "^2.6.0",
        "querystring-browser": "^1.0.4",
        "sax": "^1.2.4",
        "uri-template": "^1.0.1"
      }
    },
    "mime-db": {
      "version": "1.42.0",
      "resolved": "https://registry.npmjs.org/mime-db/-/mime-db-1.42.0.tgz",
      "integrity": "sha512-UbfJCR4UAVRNgMpfImz05smAXK7+c+ZntjaA26ANtkXLlOe947Aag5zdIcKQULAiF9Cq4WxBi9jUs5zkA84bYQ=="
    },
    "mime-types": {
      "version": "2.1.25",
      "resolved": "https://registry.npmjs.org/mime-types/-/mime-types-2.1.25.tgz",
      "integrity": "sha512-5KhStqB5xpTAeGqKBAMgwaYMnQik7teQN4IAzC7npDv6kzeU6prfkR67bc87J1kWMPGkoaZSq1npmexMgkmEVg==",
      "requires": {
        "mime-db": "1.42.0"
      }
    },
    "negotiator": {
      "version": "0.6.2",
      "resolved": "https://registry.npmjs.org/negotiator/-/negotiator-0.6.2.tgz",
      "integrity": "sha512-hZXc7K2e+PgeI1eDBe/10Ard4ekbfrrqG8Ep+8Jmf4JID2bNg7NvCPOZN+kfF574pFQI7mum2AUqDidoKqcTOw=="
    },
    "node-fetch": {
      "version": "2.6.0",
      "resolved": "https://registry.npmjs.org/node-fetch/-/node-fetch-2.6.0.tgz",
      "integrity": "sha512-8dG4H5ujfvFiqDmVu9fQ5bOHUC15JMjMY/Zumv26oOvvVJjM67KF8koCWIabKQ1GJIa9r2mMZscBq/TbdOcmNA=="
    },
    "path-match": {
      "version": "1.2.4",
      "resolved": "https://registry.npmjs.org/path-match/-/path-match-1.2.4.tgz",
      "integrity": "sha1-pidH88fgwlFHYml/JEQ1hbCRAOo=",
      "requires": {
        "http-errors": "~1.4.0",
        "path-to-regexp": "^1.0.0"
      },
      "dependencies": {
        "http-errors": {
          "version": "1.4.0",
          "resolved": "https://registry.npmjs.org/http-errors/-/http-errors-1.4.0.tgz",
          "integrity": "sha1-bAJC3qaz33r9oVPHEImzHG6Cqr8=",
          "requires": {
            "inherits": "2.0.1",
            "statuses": ">= 1.2.1 < 2"
          }
        },
        "inherits": {
          "version": "2.0.1",
          "resolved": "https://registry.npmjs.org/inherits/-/inherits-2.0.1.tgz",
          "integrity": "sha1-sX0I0ya0Qj5Wjv9xn5GwscvfafE="
        }
      }
    },
    "path-to-regexp": {
      "version": "1.8.0",
      "resolved": "https://registry.npmjs.org/path-to-regexp/-/path-to-regexp-1.8.0.tgz",
      "integrity": "sha512-n43JRhlUKUAlibEJhPeir1ncUID16QnEjNpwzNdO3Lm4ywrBpBZ5oLD0I6br9evr1Y9JTqwRtAh7JLoOzAQdVA==",
      "requires": {
        "isarray": "0.0.1"
      }
    },
    "pct-encode": {
      "version": "1.0.2",
      "resolved": "https://registry.npmjs.org/pct-encode/-/pct-encode-1.0.2.tgz",
      "integrity": "sha1-uZt7BE1r18OeSDmnqAEirXUVyqU="
    },
    "querystring-browser": {
      "version": "1.0.4",
      "resolved": "https://registry.npmjs.org/querystring-browser/-/querystring-browser-1.0.4.tgz",
      "integrity": "sha1-8uNYgYQKgZvHsb9Zf68JeeZiLcY="
    },
    "raw-body": {
      "version": "2.4.1",
      "resolved": "https://registry.npmjs.org/raw-body/-/raw-body-2.4.1.tgz",
      "integrity": "sha512-9WmIKF6mkvA0SLmA2Knm9+qj89e+j1zqgyn8aXGd7+nAduPoqgI9lO57SAZNn/Byzo5P7JhXTyg9PzaJbH73bA==",
      "requires": {
        "bytes": "3.1.0",
        "http-errors": "1.7.3",
        "iconv-lite": "0.4.24",
        "unpipe": "1.0.0"
      }
    },
    "safer-buffer": {
      "version": "2.1.2",
      "resolved": "https://registry.npmjs.org/safer-buffer/-/safer-buffer-2.1.2.tgz",
      "integrity": "sha512-YZo3K82SD7Riyi0E1EQPojLz7kpepnSQI9IyPbHHg1XXXevb5dJI7tpyN2ADxGcQbHG7vcyRHk0cbwqcQriUtg=="
    },
    "sax": {
      "version": "1.2.4",
      "resolved": "https://registry.npmjs.org/sax/-/sax-1.2.4.tgz",
      "integrity": "sha512-NqVDv9TpANUjFm0N8uM5GxL36UgKi9/atZw+x7YFnQ8ckwFGKrl4xX4yWtrey3UJm5nP1kUbnYgLopqWNSRhWw=="
    },
    "setprototypeof": {
      "version": "1.1.1",
      "resolved": "https://registry.npmjs.org/setprototypeof/-/setprototypeof-1.1.1.tgz",
      "integrity": "sha512-JvdAWfbXeIGaZ9cILp38HntZSFSo3mWg6xGcJJsd+d4aRMOqauag1C63dJfDw7OaMYwEbHMOxEZ1lqVRYP2OAw=="
    },
    "statuses": {
      "version": "1.5.0",
      "resolved": "https://registry.npmjs.org/statuses/-/statuses-1.5.0.tgz",
      "integrity": "sha1-Fhx9rBd2Wf2YEfQ3cfqZOBR4Yow="
    },
    "toidentifier": {
      "version": "1.0.0",
      "resolved": "https://registry.npmjs.org/toidentifier/-/toidentifier-1.0.0.tgz",
      "integrity": "sha512-yaOH/Pk/VEhBWWTlhI+qXxDFXlejDGcQipMlyxda9nthulaxLZUNcUqFxokp0vcYnvteJln5FNQDRrxj3YcbVw=="
    },
    "unpipe": {
      "version": "1.0.0",
      "resolved": "https://registry.npmjs.org/unpipe/-/unpipe-1.0.0.tgz",
      "integrity": "sha1-sr9O6FFKrmFltIF4KdIbLvSZBOw="
    },
    "uri-template": {
      "version": "1.0.1",
      "resolved": "https://registry.npmjs.org/uri-template/-/uri-template-1.0.1.tgz",
      "integrity": "sha1-FKklo35Nk/diVDKqEWsF5Qyuga0=",
      "requires": {
        "pct-encode": "~1.0.0"
      }
    }
  }
}
